
Microsoft Visual Studio Solution File, Format Version 12.00
Project("{FAE04EC0-301F-11D3-BF4B-00C04F79EFBC}") = "desktop_app", "desktop_app\desktop_app.csproj", "{3377AF18-D6F5-4417-AAC9-09CC652C9BDF}"
EndProject
Global
	GlobalSection(SolutionConfigurationPlatforms) = preSolution
		Debug|Any CPU = Debug|Any CPU
		Release|Any CPU = Release|Any CPU
	EndGlobalSection
	GlobalSection(ProjectConfigurationPlatforms) = postSolution
		{3377AF18-D6F5-4417-AAC9-09CC652C9BDF}.Debug|Any CPU.ActiveCfg = Debug|Any CPU
		{3377AF18-D6F5-4417-AAC9-09CC652C9BDF}.Debug|Any CPU.Build.0 = Debug|Any CPU
		{3377AF18-D6F5-4417-AAC9-09CC652C9BDF}.Release|Any CPU.ActiveCfg = Release|Any CPU
		{3377AF18-D6F5-4417-AAC9-09CC652C9BDF}.Release|Any CPU.Build.0 = Release|Any CPU
	EndGlobalSection
EndGlobal
